// !$*UTF8*$!
{
	archiveVersion = 1;
	classes = {
	};
	objectVersion = 46;
	objects = {

/* Begin PBXBuildFile section */
		6D5646EE17C2572600B70E81 /* Sound.cpp in Sources */ = {isa = PBXBuildFile; fileRef = 6D5646EC17C2572600B70E81 /* Sound.cpp */; };
		6D616F4B17C75BDB00DB1B11 /* FallbackGameView.cpp in Sources */ = {isa = PBXBuildFile; fileRef = 6D616F4917C75BDB00DB1B11 /* FallbackGameView.cpp */; };
		6D65A47317BEC210000ACEC9 /* Cocoa.framework in Frameworks */ = {isa = PBXBuildFile; fileRef = 6D65A47217BEC210000ACEC9 /* Cocoa.framework */; };
		6D65A47D17BEC210000ACEC9 /* InfoPlist.strings in Resources */ = {isa = PBXBuildFile; fileRef = 6D65A47B17BEC210000ACEC9 /* InfoPlist.strings */; };
		6D65A47F17BEC210000ACEC9 /* main.cpp in Sources */ = {isa = PBXBuildFile; fileRef = 6D65A47E17BEC210000ACEC9 /* main.cpp */; };
		6D65A48317BEC210000ACEC9 /* Credits.rtf in Resources */ = {isa = PBXBuildFile; fileRef = 6D65A48117BEC210000ACEC9 /* Credits.rtf */; };
		6D65A49017BEC26E000ACEC9 /* QtCore.framework in Frameworks */ = {isa = PBXBuildFile; fileRef = 6D65A48F17BEC26E000ACEC9 /* QtCore.framework */; };
		6D65A49217BEC280000ACEC9 /* QtGui.framework in Frameworks */ = {isa = PBXBuildFile; fileRef = 6D65A49117BEC280000ACEC9 /* QtGui.framework */; };
		6D65A49417BEC297000ACEC9 /* QtOpenGL.framework in Frameworks */ = {isa = PBXBuildFile; fileRef = 6D65A49317BEC297000ACEC9 /* QtOpenGL.framework */; };
		6D65A49617BEC2A9000ACEC9 /* QtWidgets.framework in Frameworks */ = {isa = PBXBuildFile; fileRef = 6D65A49517BEC2A9000ACEC9 /* QtWidgets.framework */; };
		6D65A49917BEC474000ACEC9 /* libLD27.Qt.a in Frameworks */ = {isa = PBXBuildFile; fileRef = 6D65A49817BEC474000ACEC9 /* libLD27.Qt.a */; };
		6D65A49B17BEC4B9000ACEC9 /* OpenGL.framework in Frameworks */ = {isa = PBXBuildFile; fileRef = 6D65A49A17BEC4B9000ACEC9 /* OpenGL.framework */; };
		6D65A4A017BEC5D5000ACEC9 /* Gameview.cpp in Sources */ = {isa = PBXBuildFile; fileRef = 6D65A49C17BEC5D5000ACEC9 /* Gameview.cpp */; };
		6D65A4A117BEC5D5000ACEC9 /* Mainwindow.cpp in Sources */ = {isa = PBXBuildFile; fileRef = 6D65A49E17BEC5D5000ACEC9 /* Mainwindow.cpp */; };
		6D781B8917C0B01E00B52767 /* QtMultimedia.framework in Frameworks */ = {isa = PBXBuildFile; fileRef = 6D781B8817C0B01E00B52767 /* QtMultimedia.framework */; };
		6D7B4F2517C8ADE00070F143 /* PlayerController.cpp in Sources */ = {isa = PBXBuildFile; fileRef = 6D7B4F2317C8ADE00070F143 /* PlayerController.cpp */; };
		6D7B4F2817C8AE280070F143 /* Types.cpp in Sources */ = {isa = PBXBuildFile; fileRef = 6D7B4F2617C8AE280070F143 /* Types.cpp */; };
		6D7B4F2B17C8EE8E0070F143 /* Level.cpp in Sources */ = {isa = PBXBuildFile; fileRef = 6D7B4F2917C8EE8E0070F143 /* Level.cpp */; };
		6D7B4F2D17C8F4AF0070F143 /* Level.png in Resources */ = {isa = PBXBuildFile; fileRef = 6D7B4F2C17C8F4AF0070F143 /* Level.png */; };
		6DE1686B17C0138B00263BAC /* Input.cpp in Sources */ = {isa = PBXBuildFile; fileRef = 6DE1686917C0138B00263BAC /* Input.cpp */; };
		6DE7EFC317C62C3900B2DA75 /* EntityComponent.cpp in Sources */ = {isa = PBXBuildFile; fileRef = 6DE7EFC117C62C3900B2DA75 /* EntityComponent.cpp */; };
		6DEFE90417BFC985000D5A40 /* Game.cpp in Sources */ = {isa = PBXBuildFile; fileRef = 6DEFE90217BFC985000D5A40 /* Game.cpp */; };
		6DEFE90717BFEF59000D5A40 /* Graphics.cpp in Sources */ = {isa = PBXBuildFile; fileRef = 6DEFE90517BFEF59000D5A40 /* Graphics.cpp */; };
/* End PBXBuildFile section */

/* Begin PBXFileReference section */
		6D5646EC17C2572600B70E81 /* Sound.cpp */ = {isa = PBXFileReference; fileEncoding = 4; lastKnownFileType = sourcecode.cpp.cpp; path = Sound.cpp; sourceTree = "<group>"; };
		6D5646ED17C2572600B70E81 /* Sound.h */ = {isa = PBXFileReference; fileEncoding = 4; lastKnownFileType = sourcecode.c.h; path = Sound.h; sourceTree = "<group>"; };
		6D616F4917C75BDB00DB1B11 /* FallbackGameView.cpp */ = {isa = PBXFileReference; fileEncoding = 4; lastKnownFileType = sourcecode.cpp.cpp; path = FallbackGameView.cpp; sourceTree = "<group>"; };
		6D616F4A17C75BDB00DB1B11 /* FallbackGameView.h */ = {isa = PBXFileReference; fileEncoding = 4; lastKnownFileType = sourcecode.c.h; path = FallbackGameView.h; sourceTree = "<group>"; };
		6D65A46F17BEC210000ACEC9 /* LD27.app */ = {isa = PBXFileReference; explicitFileType = wrapper.application; includeInIndex = 0; path = LD27.app; sourceTree = BUILT_PRODUCTS_DIR; };
		6D65A47217BEC210000ACEC9 /* Cocoa.framework */ = {isa = PBXFileReference; lastKnownFileType = wrapper.framework; name = Cocoa.framework; path = System/Library/Frameworks/Cocoa.framework; sourceTree = SDKROOT; };
		6D65A47A17BEC210000ACEC9 /* LD27-Info.plist */ = {isa = PBXFileReference; lastKnownFileType = text.plist.xml; path = "LD27-Info.plist"; sourceTree = "<group>"; };
		6D65A47C17BEC210000ACEC9 /* en */ = {isa = PBXFileReference; lastKnownFileType = text.plist.strings; name = en; path = en.lproj/InfoPlist.strings; sourceTree = "<group>"; };
		6D65A47E17BEC210000ACEC9 /* main.cpp */ = {isa = PBXFileReference; lastKnownFileType = sourcecode.cpp.cpp; path = main.cpp; sourceTree = "<group>"; };
		6D65A48017BEC210000ACEC9 /* LD27-Prefix.pch */ = {isa = PBXFileReference; lastKnownFileType = sourcecode.c.h; path = "LD27-Prefix.pch"; sourceTree = "<group>"; };
		6D65A48217BEC210000ACEC9 /* en */ = {isa = PBXFileReference; lastKnownFileType = text.rtf; name = en; path = en.lproj/Credits.rtf; sourceTree = "<group>"; };
		6D65A48F17BEC26E000ACEC9 /* QtCore.framework */ = {isa = PBXFileReference; lastKnownFileType = wrapper.framework; name = QtCore.framework; path = ../../Qt5.0.2/5.0.2/clang_64/lib/QtCore.framework; sourceTree = "<group>"; };
		6D65A49117BEC280000ACEC9 /* QtGui.framework */ = {isa = PBXFileReference; lastKnownFileType = wrapper.framework; name = QtGui.framework; path = ../../Qt5.0.2/5.0.2/clang_64/lib/QtGui.framework; sourceTree = "<group>"; };
		6D65A49317BEC297000ACEC9 /* QtOpenGL.framework */ = {isa = PBXFileReference; lastKnownFileType = wrapper.framework; name = QtOpenGL.framework; path = ../../Qt5.0.2/5.0.2/clang_64/lib/QtOpenGL.framework; sourceTree = "<group>"; };
		6D65A49517BEC2A9000ACEC9 /* QtWidgets.framework */ = {isa = PBXFileReference; lastKnownFileType = wrapper.framework; name = QtWidgets.framework; path = ../../Qt5.0.2/5.0.2/clang_64/lib/QtWidgets.framework; sourceTree = "<group>"; };
		6D65A49817BEC474000ACEC9 /* libLD27.Qt.a */ = {isa = PBXFileReference; lastKnownFileType = archive.ar; name = libLD27.Qt.a; path = "../../Library/Developer/Xcode/DerivedData/LD27-feiacuyyoietnjbnddtzfsjeuxfj/Build/Intermediates/LD27.Qt/libLD27.Qt.a"; sourceTree = "<group>"; };
		6D65A49A17BEC4B9000ACEC9 /* OpenGL.framework */ = {isa = PBXFileReference; lastKnownFileType = wrapper.framework; name = OpenGL.framework; path = System/Library/Frameworks/OpenGL.framework; sourceTree = SDKROOT; };
		6D65A49C17BEC5D5000ACEC9 /* Gameview.cpp */ = {isa = PBXFileReference; fileEncoding = 4; lastKnownFileType = sourcecode.cpp.cpp; path = Gameview.cpp; sourceTree = "<group>"; };
		6D65A49D17BEC5D5000ACEC9 /* Gameview.h */ = {isa = PBXFileReference; fileEncoding = 4; lastKnownFileType = sourcecode.c.h; path = Gameview.h; sourceTree = "<group>"; };
		6D65A49E17BEC5D5000ACEC9 /* Mainwindow.cpp */ = {isa = PBXFileReference; fileEncoding = 4; lastKnownFileType = sourcecode.cpp.cpp; path = Mainwindow.cpp; sourceTree = "<group>"; };
		6D65A49F17BEC5D5000ACEC9 /* Mainwindow.h */ = {isa = PBXFileReference; fileEncoding = 4; lastKnownFileType = sourcecode.c.h; path = Mainwindow.h; sourceTree = "<group>"; };
		6D65A4A217BEC8C0000ACEC9 /* 8x8tiles.png */ = {isa = PBXFileReference; lastKnownFileType = image.png; path = 8x8tiles.png; sourceTree = "<group>"; };
		6D65A4A517BEC925000ACEC9 /* resources.qrc */ = {isa = PBXFileReference; fileEncoding = 4; lastKnownFileType = text; path = resources.qrc; sourceTree = "<group>"; };
		6D781B8817C0B01E00B52767 /* QtMultimedia.framework */ = {isa = PBXFileReference; lastKnownFileType = wrapper.framework; name = QtMultimedia.framework; path = ../../Qt5.0.2/5.0.2/clang_64/lib/QtMultimedia.framework; sourceTree = "<group>"; };
		6D7B4F2317C8ADE00070F143 /* PlayerController.cpp */ = {isa = PBXFileReference; fileEncoding = 4; lastKnownFileType = sourcecode.cpp.cpp; path = PlayerController.cpp; sourceTree = "<group>"; };
		6D7B4F2417C8ADE00070F143 /* PlayerController.h */ = {isa = PBXFileReference; fileEncoding = 4; lastKnownFileType = sourcecode.c.h; path = PlayerController.h; sourceTree = "<group>"; };
		6D7B4F2617C8AE280070F143 /* Types.cpp */ = {isa = PBXFileReference; fileEncoding = 4; lastKnownFileType = sourcecode.cpp.cpp; path = Types.cpp; sourceTree = "<group>"; };
		6D7B4F2717C8AE280070F143 /* Types.h */ = {isa = PBXFileReference; fileEncoding = 4; lastKnownFileType = sourcecode.c.h; path = Types.h; sourceTree = "<group>"; };
		6D7B4F2917C8EE8E0070F143 /* Level.cpp */ = {isa = PBXFileReference; fileEncoding = 4; lastKnownFileType = sourcecode.cpp.cpp; path = Level.cpp; sourceTree = "<group>"; };
		6D7B4F2A17C8EE8E0070F143 /* Level.h */ = {isa = PBXFileReference; fileEncoding = 4; lastKnownFileType = sourcecode.c.h; path = Level.h; sourceTree = "<group>"; };
		6D7B4F2C17C8F4AF0070F143 /* Level.png */ = {isa = PBXFileReference; lastKnownFileType = image.png; path = Level.png; sourceTree = "<group>"; };
		6DE1686917C0138B00263BAC /* Input.cpp */ = {isa = PBXFileReference; fileEncoding = 4; lastKnownFileType = sourcecode.cpp.cpp; path = Input.cpp; sourceTree = "<group>"; };
		6DE1686A17C0138B00263BAC /* Input.h */ = {isa = PBXFileReference; fileEncoding = 4; lastKnownFileType = sourcecode.c.h; path = Input.h; sourceTree = "<group>"; };
		6DE7EFC117C62C3900B2DA75 /* EntityComponent.cpp */ = {isa = PBXFileReference; fileEncoding = 4; lastKnownFileType = sourcecode.cpp.cpp; path = EntityComponent.cpp; sourceTree = "<group>"; };
		6DE7EFC217C62C3900B2DA75 /* EntityComponent.h */ = {isa = PBXFileReference; fileEncoding = 4; lastKnownFileType = sourcecode.c.h; path = EntityComponent.h; sourceTree = "<group>"; };
		6DEFE90217BFC985000D5A40 /* Game.cpp */ = {isa = PBXFileReference; fileEncoding = 4; lastKnownFileType = sourcecode.cpp.cpp; path = Game.cpp; sourceTree = "<group>"; };
		6DEFE90317BFC985000D5A40 /* Game.h */ = {isa = PBXFileReference; fileEncoding = 4; lastKnownFileType = sourcecode.c.h; path = Game.h; sourceTree = "<group>"; };
		6DEFE90517BFEF59000D5A40 /* Graphics.cpp */ = {isa = PBXFileReference; fileEncoding = 4; lastKnownFileType = sourcecode.cpp.cpp; path = Graphics.cpp; sourceTree = "<group>"; };
		6DEFE90617BFEF59000D5A40 /* Graphics.h */ = {isa = PBXFileReference; fileEncoding = 4; lastKnownFileType = sourcecode.c.h; path = Graphics.h; sourceTree = "<group>"; };
/* End PBXFileReference section */

/* Begin PBXFrameworksBuildPhase section */
		6D65A46C17BEC210000ACEC9 /* Frameworks */ = {
			isa = PBXFrameworksBuildPhase;
			buildActionMask = 2147483647;
			files = (
				6D781B8917C0B01E00B52767 /* QtMultimedia.framework in Frameworks */,
				6D65A49B17BEC4B9000ACEC9 /* OpenGL.framework in Frameworks */,
				6D65A47317BEC210000ACEC9 /* Cocoa.framework in Frameworks */,
				6D65A49917BEC474000ACEC9 /* libLD27.Qt.a in Frameworks */,
				6D65A49017BEC26E000ACEC9 /* QtCore.framework in Frameworks */,
				6D65A49217BEC280000ACEC9 /* QtGui.framework in Frameworks */,
				6D65A49617BEC2A9000ACEC9 /* QtWidgets.framework in Frameworks */,
				6D65A49417BEC297000ACEC9 /* QtOpenGL.framework in Frameworks */,
			);
			runOnlyForDeploymentPostprocessing = 0;
		};
/* End PBXFrameworksBuildPhase section */

/* Begin PBXGroup section */
		6D65A46617BEC210000ACEC9 = {
			isa = PBXGroup;
			children = (
				6D65A47817BEC210000ACEC9 /* LD27 */,
				6D65A47117BEC210000ACEC9 /* Frameworks */,
				6D65A47017BEC210000ACEC9 /* Products */,
			);
			sourceTree = "<group>";
		};
		6D65A47017BEC210000ACEC9 /* Products */ = {
			isa = PBXGroup;
			children = (
				6D65A46F17BEC210000ACEC9 /* LD27.app */,
			);
			name = Products;
			sourceTree = "<group>";
		};
		6D65A47117BEC210000ACEC9 /* Frameworks */ = {
			isa = PBXGroup;
			children = (
				6D781B8817C0B01E00B52767 /* QtMultimedia.framework */,
				6D65A49517BEC2A9000ACEC9 /* QtWidgets.framework */,
				6D65A49317BEC297000ACEC9 /* QtOpenGL.framework */,
				6D65A49117BEC280000ACEC9 /* QtGui.framework */,
				6D65A48F17BEC26E000ACEC9 /* QtCore.framework */,
				6D65A49817BEC474000ACEC9 /* libLD27.Qt.a */,
				6D65A47217BEC210000ACEC9 /* Cocoa.framework */,
				6D65A49A17BEC4B9000ACEC9 /* OpenGL.framework */,
			);
			name = Frameworks;
			sourceTree = "<group>";
		};
		6D65A47817BEC210000ACEC9 /* LD27 */ = {
			isa = PBXGroup;
			children = (
				6D5646EC17C2572600B70E81 /* Sound.cpp */,
				6D5646ED17C2572600B70E81 /* Sound.h */,
				6DE1686917C0138B00263BAC /* Input.cpp */,
				6DE1686A17C0138B00263BAC /* Input.h */,
				6DEFE90517BFEF59000D5A40 /* Graphics.cpp */,
				6DEFE90617BFEF59000D5A40 /* Graphics.h */,
				6DE7EFC117C62C3900B2DA75 /* EntityComponent.cpp */,
				6DE7EFC217C62C3900B2DA75 /* EntityComponent.h */,
				6D7B4F2917C8EE8E0070F143 /* Level.cpp */,
				6D7B4F2A17C8EE8E0070F143 /* Level.h */,
				6D7B4F2317C8ADE00070F143 /* PlayerController.cpp */,
				6D7B4F2417C8ADE00070F143 /* PlayerController.h */,
				6D7B4F2617C8AE280070F143 /* Types.cpp */,
				6D7B4F2717C8AE280070F143 /* Types.h */,
				6DEFE90217BFC985000D5A40 /* Game.cpp */,
				6DEFE90317BFC985000D5A40 /* Game.h */,
				6D65A49C17BEC5D5000ACEC9 /* Gameview.cpp */,
				6D65A49D17BEC5D5000ACEC9 /* Gameview.h */,
				6D616F4917C75BDB00DB1B11 /* FallbackGameView.cpp */,
				6D616F4A17C75BDB00DB1B11 /* FallbackGameView.h */,
				6D65A49E17BEC5D5000ACEC9 /* Mainwindow.cpp */,
				6D65A49F17BEC5D5000ACEC9 /* Mainwindow.h */,
				6D65A4A417BEC8C5000ACEC9 /* Resources */,
				6D65A47917BEC210000ACEC9 /* Supporting Files */,
			);
			path = LD27;
			sourceTree = "<group>";
		};
		6D65A47917BEC210000ACEC9 /* Supporting Files */ = {
			isa = PBXGroup;
			children = (
				6D65A47A17BEC210000ACEC9 /* LD27-Info.plist */,
				6D65A47B17BEC210000ACEC9 /* InfoPlist.strings */,
				6D65A47E17BEC210000ACEC9 /* main.cpp */,
				6D65A48017BEC210000ACEC9 /* LD27-Prefix.pch */,
				6D65A48117BEC210000ACEC9 /* Credits.rtf */,
			);
			name = "Supporting Files";
			sourceTree = "<group>";
		};
		6D65A4A417BEC8C5000ACEC9 /* Resources */ = {
			isa = PBXGroup;
			children = (
				6D7B4F2C17C8F4AF0070F143 /* Level.png */,
				6D65A4A517BEC925000ACEC9 /* resources.qrc */,
				6D65A4A217BEC8C0000ACEC9 /* 8x8tiles.png */,
			);
			name = Resources;
			sourceTree = "<group>";
		};
/* End PBXGroup section */

/* Begin PBXNativeTarget section */
		6D65A46E17BEC210000ACEC9 /* LD27 */ = {
			isa = PBXNativeTarget;
			buildConfigurationList = 6D65A48C17BEC210000ACEC9 /* Build configuration list for PBXNativeTarget "LD27" */;
			buildPhases = (
				6D65A49717BEC3E0000ACEC9 /* ShellScript */,
				6D65A46B17BEC210000ACEC9 /* Sources */,
				6D65A46C17BEC210000ACEC9 /* Frameworks */,
				6D65A46D17BEC210000ACEC9 /* Resources */,
			);
			buildRules = (
			);
			dependencies = (
			);
			name = LD27;
			productName = LD27;
			productReference = 6D65A46F17BEC210000ACEC9 /* LD27.app */;
			productType = "com.apple.product-type.application";
		};
/* End PBXNativeTarget section */

/* Begin PBXProject section */
		6D65A46717BEC210000ACEC9 /* Project object */ = {
			isa = PBXProject;
			attributes = {
				LastUpgradeCheck = 0460;
				ORGANIZATIONNAME = "Kristof Niederholtmeyer";
			};
			buildConfigurationList = 6D65A46A17BEC210000ACEC9 /* Build configuration list for PBXProject "LD27" */;
			compatibilityVersion = "Xcode 3.2";
			developmentRegion = English;
			hasScannedForEncodings = 0;
			knownRegions = (
				en,
			);
			mainGroup = 6D65A46617BEC210000ACEC9;
			productRefGroup = 6D65A47017BEC210000ACEC9 /* Products */;
			projectDirPath = "";
			projectRoot = "";
			targets = (
				6D65A46E17BEC210000ACEC9 /* LD27 */,
			);
		};
/* End PBXProject section */

/* Begin PBXResourcesBuildPhase section */
		6D65A46D17BEC210000ACEC9 /* Resources */ = {
			isa = PBXResourcesBuildPhase;
			buildActionMask = 2147483647;
			files = (
				6D65A47D17BEC210000ACEC9 /* InfoPlist.strings in Resources */,
				6D65A48317BEC210000ACEC9 /* Credits.rtf in Resources */,
				6D7B4F2D17C8F4AF0070F143 /* Level.png in Resources */,
			);
			runOnlyForDeploymentPostprocessing = 0;
		};
/* End PBXResourcesBuildPhase section */

/* Begin PBXShellScriptBuildPhase section */
		6D65A49717BEC3E0000ACEC9 /* ShellScript */ = {
			isa = PBXShellScriptBuildPhase;
			buildActionMask = 2147483647;
			files = (
			);
			inputPaths = (
			);
			outputPaths = (
			);
			runOnlyForDeploymentPostprocessing = 0;
			shellPath = /bin/sh;
			shellScript = "QTDIR=/Users/kristof/Qt5.0.2\nQTBIN=$QTDIR/5.0.2/clang_64/bin\nQMAKE=$QTBIN/qmake\nTempName=\"$PROJECT_NAME.Qt\"\nTempDirectory=\"$OBJROOT/$TempName\"\n#\ncd \"$OBJROOT\"\nmkdir -p \"$TempName\"\ncd \"$TempName\"\n#\necho Generating qmake project...\n$QMAKE -project \"$SOURCE_ROOT/$PROJECT_NAME\" -nopwd\necho 'QT += core gui' >> \"$OBJROOT/$TempName/$TempName.pro\"\necho 'QT += widgets' >> \"$OBJROOT/$TempName/$TempName.pro\"\necho 'QT += opengl' >> \"$OBJROOT/$TempName/$TempName.pro\"\necho 'QT += multimedia' >> \"$OBJROOT/$TempName/$TempName.pro\"\n#\necho Generating qmake makefile.\n$QMAKE -makefile\n#\necho Generating MOC files...\nmake mocables\n#\necho Compiling UI files...\nmake compiler_uic_make_all\n#\necho Compiling...\nmake compiler_rcc_make_all\nfor i in *.cpp; do\nTarget=`echo $i | sed s/cpp/o/`\nmake $Target\ndone\n#\necho Creating library...\nar rcs lib$TempName.a *.o\nexit 0";
		};
/* End PBXShellScriptBuildPhase section */

/* Begin PBXSourcesBuildPhase section */
		6D65A46B17BEC210000ACEC9 /* Sources */ = {
			isa = PBXSourcesBuildPhase;
			buildActionMask = 2147483647;
			files = (
				6D65A47F17BEC210000ACEC9 /* main.cpp in Sources */,
				6D65A4A017BEC5D5000ACEC9 /* Gameview.cpp in Sources */,
				6D65A4A117BEC5D5000ACEC9 /* Mainwindow.cpp in Sources */,
				6DEFE90417BFC985000D5A40 /* Game.cpp in Sources */,
				6DEFE90717BFEF59000D5A40 /* Graphics.cpp in Sources */,
				6DE1686B17C0138B00263BAC /* Input.cpp in Sources */,
				6D5646EE17C2572600B70E81 /* Sound.cpp in Sources */,
				6DE7EFC317C62C3900B2DA75 /* EntityComponent.cpp in Sources */,
				6D616F4B17C75BDB00DB1B11 /* FallbackGameView.cpp in Sources */,
				6D7B4F2517C8ADE00070F143 /* PlayerController.cpp in Sources */,
				6D7B4F2817C8AE280070F143 /* Types.cpp in Sources */,
				6D7B4F2B17C8EE8E0070F143 /* Level.cpp in Sources */,
			);
			runOnlyForDeploymentPostprocessing = 0;
		};
/* End PBXSourcesBuildPhase section */

/* Begin PBXVariantGroup section */
		6D65A47B17BEC210000ACEC9 /* InfoPlist.strings */ = {
			isa = PBXVariantGroup;
			children = (
				6D65A47C17BEC210000ACEC9 /* en */,
			);
			name = InfoPlist.strings;
			sourceTree = "<group>";
		};
		6D65A48117BEC210000ACEC9 /* Credits.rtf */ = {
			isa = PBXVariantGroup;
			children = (
				6D65A48217BEC210000ACEC9 /* en */,
			);
			name = Credits.rtf;
			sourceTree = "<group>";
		};
/* End PBXVariantGroup section */

/* Begin XCBuildConfiguration section */
		6D65A48A17BEC210000ACEC9 /* Debug */ = {
			isa = XCBuildConfiguration;
			buildSettings = {
				ALWAYS_SEARCH_USER_PATHS = NO;
				ARCHS = "$(ARCHS_STANDARD_64_BIT)";
				CLANG_CXX_LANGUAGE_STANDARD = "compiler-default";
				CLANG_CXX_LIBRARY = "compiler-default";
				CLANG_WARN_CONSTANT_CONVERSION = YES;
				CLANG_WARN_EMPTY_BODY = YES;
				CLANG_WARN_ENUM_CONVERSION = YES;
				CLANG_WARN_INT_CONVERSION = YES;
				CLANG_WARN__DUPLICATE_METHOD_MATCH = YES;
				COPY_PHASE_STRIP = NO;
				GCC_C_LANGUAGE_STANDARD = gnu99;
				GCC_DYNAMIC_NO_PIC = NO;
				GCC_ENABLE_OBJC_EXCEPTIONS = YES;
				GCC_OPTIMIZATION_LEVEL = 0;
				GCC_PREPROCESSOR_DEFINITIONS = (
					"DEBUG=1",
					"$(inherited)",
				);
				GCC_SYMBOLS_PRIVATE_EXTERN = NO;
				GCC_WARN_64_TO_32_BIT_CONVERSION = YES;
				GCC_WARN_ABOUT_RETURN_TYPE = YES;
				GCC_WARN_UNINITIALIZED_AUTOS = YES;
				GCC_WARN_UNUSED_VARIABLE = YES;
				HEADER_SEARCH_PATHS = (
					/Users/kristof/Qt5.0.2/5.0.2/clang_64/lib/QtWidgets.framework/Versions/5/Headers,
					/Users/kristof/Qt5.0.2/5.0.2/clang_64/lib/QtOpenGL.framework/Versions/5/Headers,
					/Users/kristof/Qt5.0.2/5.0.2/clang_64/lib/QtGui.framework/Versions/5/Headers,
					/Users/kristof/Qt5.0.2/5.0.2/clang_64/lib/QtCore.framework/Versions/5/Headers,
					"/Users/kristof/Library/Developer/Xcode/DerivedData/LD27-feiacuyyoietnjbnddtzfsjeuxfj/Build/Intermediates/LD27.Qt",
					/Users/kristof/Qt5.0.2/5.0.2/clang_64/lib/QtMultimedia.framework/Versions/5/Headers,
				);
				MACOSX_DEPLOYMENT_TARGET = 10.6;
				ONLY_ACTIVE_ARCH = YES;
				SDKROOT = macosx;
			};
			name = Debug;
		};
		6D65A48B17BEC210000ACEC9 /* Release */ = {
			isa = XCBuildConfiguration;
			buildSettings = {
				ALWAYS_SEARCH_USER_PATHS = NO;
				ARCHS = "$(ARCHS_STANDARD_64_BIT)";
				CLANG_CXX_LANGUAGE_STANDARD = "compiler-default";
				CLANG_CXX_LIBRARY = "compiler-default";
				CLANG_WARN_CONSTANT_CONVERSION = YES;
				CLANG_WARN_EMPTY_BODY = YES;
				CLANG_WARN_ENUM_CONVERSION = YES;
				CLANG_WARN_INT_CONVERSION = YES;
				CLANG_WARN__DUPLICATE_METHOD_MATCH = YES;
				COPY_PHASE_STRIP = YES;
				DEBUG_INFORMATION_FORMAT = "dwarf-with-dsym";
				GCC_C_LANGUAGE_STANDARD = gnu99;
				GCC_ENABLE_OBJC_EXCEPTIONS = YES;
				GCC_WARN_64_TO_32_BIT_CONVERSION = YES;
				GCC_WARN_ABOUT_RETURN_TYPE = YES;
				GCC_WARN_UNINITIALIZED_AUTOS = YES;
				GCC_WARN_UNUSED_VARIABLE = YES;
				HEADER_SEARCH_PATHS = (
					/Users/kristof/Qt5.0.2/5.0.2/clang_64/lib/QtWidgets.framework/Versions/5/Headers,
					/Users/kristof/Qt5.0.2/5.0.2/clang_64/lib/QtOpenGL.framework/Versions/5/Headers,
					/Users/kristof/Qt5.0.2/5.0.2/clang_64/lib/QtGui.framework/Versions/5/Headers,
					/Users/kristof/Qt5.0.2/5.0.2/clang_64/lib/QtCore.framework/Versions/5/Headers,
					"/Users/kristof/Library/Developer/Xcode/DerivedData/LD27-feiacuyyoietnjbnddtzfsjeuxfj/Build/Intermediates/LD27.Qt",
					/Users/kristof/Qt5.0.2/5.0.2/clang_64/lib/QtMultimedia.framework/Versions/5/Headers,
				);
				MACOSX_DEPLOYMENT_TARGET = 10.6;
				SDKROOT = macosx;
			};
			name = Release;
		};
		6D65A48D17BEC210000ACEC9 /* Debug */ = {
			isa = XCBuildConfiguration;
			buildSettings = {
				COMBINE_HIDPI_IMAGES = YES;
				FRAMEWORK_SEARCH_PATHS = (
					"$(inherited)",
					"\"$(SRCROOT)/../../Qt5.0.2/5.0.2/clang_64/lib\"",
				);
				GCC_PRECOMPILE_PREFIX_HEADER = YES;
				GCC_PREFIX_HEADER = "LD27/LD27-Prefix.pch";
				INFOPLIST_FILE = "LD27/LD27-Info.plist";
				LIBRARY_SEARCH_PATHS = (
					"$(inherited)",
					"\"$(SRCROOT)/../../Library/Developer/Xcode/DerivedData/LD27-feiacuyyoietnjbnddtzfsjeuxfj/Build/Intermediates/LD27.Qt\"",
				);
				PRODUCT_NAME = "$(TARGET_NAME)";
				WRAPPER_EXTENSION = app;
			};
			name = Debug;
		};
		6D65A48E17BEC210000ACEC9 /* Release */ = {
			isa = XCBuildConfiguration;
			buildSettings = {
				COMBINE_HIDPI_IMAGES = YES;
				FRAMEWORK_SEARCH_PATHS = (
					"$(inherited)",
					"\"$(SRCROOT)/../../Qt5.0.2/5.0.2/clang_64/lib\"",
				);
				GCC_PRECOMPILE_PREFIX_HEADER = YES;
				GCC_PREFIX_HEADER = "LD27/LD27-Prefix.pch";
				INFOPLIST_FILE = "LD27/LD27-Info.plist";
				LIBRARY_SEARCH_PATHS = (
					"$(inherited)",
					"\"$(SRCROOT)/../../Library/Developer/Xcode/DerivedData/LD27-feiacuyyoietnjbnddtzfsjeuxfj/Build/Intermediates/LD27.Qt\"",
				);
				PRODUCT_NAME = "$(TARGET_NAME)";
				WRAPPER_EXTENSION = app;
			};
			name = Release;
		};
/* End XCBuildConfiguration section */

/* Begin XCConfigurationList section */
		6D65A46A17BEC210000ACEC9 /* Build configuration list for PBXProject "LD27" */ = {
			isa = XCConfigurationList;
			buildConfigurations = (
				6D65A48A17BEC210000ACEC9 /* Debug */,
				6D65A48B17BEC210000ACEC9 /* Release */,
			);
			defaultConfigurationIsVisible = 0;
			defaultConfigurationName = Release;
		};
		6D65A48C17BEC210000ACEC9 /* Build configuration list for PBXNativeTarget "LD27" */ = {
			isa = XCConfigurationList;
			buildConfigurations = (
				6D65A48D17BEC210000ACEC9 /* Debug */,
				6D65A48E17BEC210000ACEC9 /* Release */,
			);
			defaultConfigurationIsVisible = 0;
			defaultConfigurationName = Release;
		};
/* End XCConfigurationList section */
	};
	rootObject = 6D65A46717BEC210000ACEC9 /* Project object */;
}
